github.com/anyproto/tantivy-go v1.0.4 h1:C7aMADeglBNl2QUKEJwujmaiIGtcYFpNIFJl77UwGIo=
github.com/anyproto/tantivy-go v1.0.4/go.mod h1:LtipOpRjGtcYMGcop6gQN7rVl1Pc6BlIs9BTMqeWMsk=
github.com/fsnotify/fsnotify v1.9.0 h1:2Ml+OJNzbYCTzsxtv8vKSFD9PbJjmhYF14k/jKC7S9k=
github.com/fsnotify/fsnotify v1.9.0/go.mod h1:8jBTzvmWwFyi3Pb8djgCCO5IBqzKJ/Jwo8TRcHyHii0=
github.com/karrick/godirwalk v1.17.0 h1:b4kY7nqDdioR/6qnbHQyDvmA17u5G1cZ6J+CZXwSWoI=
github.com/karrick/godirwalk v1.17.0/go.mod h1:j4mkqPuvaLI8mp1DroR3P6ad7cyYd4c1qeJ3RV7ULlk=
github.com/mark3labs/mcp-go v0.34.0 h1:eWy7WBGvhk6EyAAyVzivTCprE52iXJwNtvHV6Cv3bR0=
github.com/mark3labs/mcp-go v0.34.0/go.mod h1:rXqOudj/djTORU/ThxYx8fqEVj/5pvTuuebQ2RC7uk4=
golang.org/x/sys v0.13.0 h1:Af8nKPmuFypiUBjVoU9V20FiaFXOcuZI21p0ycVYYGE=
golang.org/x/sys v0.13.0/go.mod h1:oPkhp1MJrh7nUepCBck5+mAzfO9JrbApNNgaTdGDITg=
